Microsoft Visual Studio Solution File, Format Version 11.00
# Visual Studio 2008

Project("{ECA32255-7DE2-5DDD-5FA1-FA0A2AC39B97}") = "ClickBot", "Assembly-CSharp-firstpass.csproj", "{7FFEADC9-10CC-68C0-3428-F0941DF6E6D8}"
EndProject
Project("{ECA32255-7DE2-5DDD-5FA1-FA0A2AC39B97}") = "ClickBot", "Assembly-CSharp.csproj", "{1B7762ED-E2CF-459F-AED8-603BBBAB7A65}"
EndProject
Project("{ECA32255-7DE2-5DDD-5FA1-FA0A2AC39B97}") = "ClickBot", "Assembly-CSharp-Editor.csproj", "{DE3D0714-7F99-ECAB-C4F3-E524D27984C1}"
EndProject
Global
	GlobalSection(SolutionConfigurationPlatforms) = preSolution
		Debug|Any CPU = Debug|Any CPU
		Release|Any CPU = Release|Any CPU
	EndGlobalSection
	GlobalSection(ProjectConfigurationPlatforms) = postSolution
		{7FFEADC9-10CC-68C0-3428-F0941DF6E6D8}.Debug|Any CPU.ActiveCfg = Debug|Any CPU
		{7FFEADC9-10CC-68C0-3428-F0941DF6E6D8}.Debug|Any CPU.Build.0 = Debug|Any CPU
		{7FFEADC9-10CC-68C0-3428-F0941DF6E6D8}.Release|Any CPU.ActiveCfg = Release|Any CPU
		{7FFEADC9-10CC-68C0-3428-F0941DF6E6D8}.Release|Any CPU.Build.0 = Release|Any CPU
		{1B7762ED-E2CF-459F-AED8-603BBBAB7A65}.Debug|Any CPU.ActiveCfg = Debug|Any CPU
		{1B7762ED-E2CF-459F-AED8-603BBBAB7A65}.Debug|Any CPU.Build.0 = Debug|Any CPU
		{1B7762ED-E2CF-459F-AED8-603BBBAB7A65}.Release|Any CPU.ActiveCfg = Release|Any CPU
		{1B7762ED-E2CF-459F-AED8-603BBBAB7A65}.Release|Any CPU.Build.0 = Release|Any CPU
		{DE3D0714-7F99-ECAB-C4F3-E524D27984C1}.Debug|Any CPU.ActiveCfg = Debug|Any CPU
		{DE3D0714-7F99-ECAB-C4F3-E524D27984C1}.Debug|Any CPU.Build.0 = Debug|Any CPU
		{DE3D0714-7F99-ECAB-C4F3-E524D27984C1}.Release|Any CPU.ActiveCfg = Release|Any CPU
		{DE3D0714-7F99-ECAB-C4F3-E524D27984C1}.Release|Any CPU.Build.0 = Release|Any CPU
	EndGlobalSection
	GlobalSection(SolutionProperties) = preSolution
		HideSolutionNode = FALSE
	EndGlobalSection
																												GlobalSection(MonoDevelopProperties) = preSolution
		StartupItem = Assembly-CSharp.csproj
		Policies = $0
		$0.TextStylePolicy = $1
		$1.inheritsSet = null
		$1.scope = text/x-csharp
		$0.CSharpFormattingPolicy = $2
		$2.inheritsSet = Mono
		$2.inheritsScope = text/x-csharp
		$2.scope = text/x-csharp
		$0.TextStylePolicy = $3
		$3.FileWidth = 120
		$3.TabWidth = 4
		$3.IndentWidth = 4
		$3.EolMarker = Unix
		$3.inheritsSet = Mono
		$3.inheritsScope = text/plain
		$3.scope = text/plain
	EndGlobalSection

EndGlobal
